// !$*UTF8*$!
{
	archiveVersion = 1;
	classes = {
	};
	objectVersion = 48;
	objects = {

/* Begin PBXBuildFile section */
		041B985A2146348C00D400EA /* GridLayout.swift in Sources */ = {isa = PBXBuildFile; fileRef = 041B98592146348C00D400EA /* GridLayout.swift */; };
		041B985C214634A100D400EA /* ListLayout.swift in Sources */ = {isa = PBXBuildFile; fileRef = 041B985B214634A100D400EA /* ListLayout.swift */; };
		041B985E214637D700D400EA /* CollectionViewCell.swift in Sources */ = {isa = PBXBuildFile; fileRef = 041B985D214637D700D400EA /* CollectionViewCell.swift */; };
		041B986021464FCC00D400EA /* DetailViewController.swift in Sources */ = {isa = PBXBuildFile; fileRef = 041B985F21464FCC00D400EA /* DetailViewController.swift */; };
		04C050712143FB040086ADFE /* AppDelegate.swift in Sources */ = {isa = PBXBuildFile; fileRef = 04C050702143FB040086ADFE /* AppDelegate.swift */; };
		04C050732143FB040086ADFE /* ViewController.swift in Sources */ = {isa = PBXBuildFile; fileRef = 04C050722143FB040086ADFE /* ViewController.swift */; };
		04C050762143FB040086ADFE /* Main.storyboard in Resources */ = {isa = PBXBuildFile; fileRef = 04C050742143FB040086ADFE /* Main.storyboard */; };
		04C050792143FB040086ADFE /* _00pxApp.xcdatamodeld in Sources */ = {isa = PBXBuildFile; fileRef = 04C050772143FB040086ADFE /* _00pxApp.xcdatamodeld */; };
		04C0507B2143FB040086ADFE /* Assets.xcassets in Resources */ = {isa = PBXBuildFile; fileRef = 04C0507A2143FB040086ADFE /* Assets.xcassets */; };
		04C0507E2143FB040086ADFE /* LaunchScreen.storyboard in Resources */ = {isa = PBXBuildFile; fileRef = 04C0507C2143FB040086ADFE /* LaunchScreen.storyboard */; };
/* End PBXBuildFile section */

/* Begin PBXFileReference section */
		041B98592146348C00D400EA /* GridLayout.swift */ = {isa = PBXFileReference; lastKnownFileType = sourcecode.swift; path = GridLayout.swift; sourceTree = "<group>"; };
		041B985B214634A100D400EA /* ListLayout.swift */ = {isa = PBXFileReference; lastKnownFileType = sourcecode.swift; path = ListLayout.swift; sourceTree = "<group>"; };
		041B985D214637D700D400EA /* CollectionViewCell.swift */ = {isa = PBXFileReference; lastKnownFileType = sourcecode.swift; path = CollectionViewCell.swift; sourceTree = "<group>"; };
		041B985F21464FCC00D400EA /* DetailViewController.swift */ = {isa = PBXFileReference; lastKnownFileType = sourcecode.swift; path = DetailViewController.swift; sourceTree = "<group>"; };
		04C0506D2143FB040086ADFE /* 500pxApp.app */ = {isa = PBXFileReference; explicitFileType = wrapper.application; includeInIndex = 0; path = 500pxApp.app; sourceTree = BUILT_PRODUCTS_DIR; };
		04C050702143FB040086ADFE /* AppDelegate.swift */ = {isa = PBXFileReference; lastKnownFileType = sourcecode.swift; path = AppDelegate.swift; sourceTree = "<group>"; };
		04C050722143FB040086ADFE /* ViewController.swift */ = {isa = PBXFileReference; lastKnownFileType = sourcecode.swift; path = ViewController.swift; sourceTree = "<group>"; };
		04C050752143FB040086ADFE /* Base */ = {isa = PBXFileReference; lastKnownFileType = file.storyboard; name = Base; path = Base.lproj/Main.storyboard; sourceTree = "<group>"; };
		04C050782143FB040086ADFE /* _00pxApp.xcdatamodel */ = {isa = PBXFileReference; lastKnownFileType = wrapper.xcdatamodel; path = _00pxApp.xcdatamodel; sourceTree = "<group>"; };
		04C0507A2143FB040086ADFE /* Assets.xcassets */ = {isa = PBXFileReference; lastKnownFileType = folder.assetcatalog; path = Assets.xcassets; sourceTree = "<group>"; };
		04C0507D2143FB040086ADFE /* Base */ = {isa = PBXFileReference; lastKnownFileType = file.storyboard; name = Base; path = Base.lproj/LaunchScreen.storyboard; sourceTree = "<group>"; };
		04C0507F2143FB040086ADFE /* Info.plist */ = {isa = PBXFileReference; lastKnownFileType = text.plist.xml; path = Info.plist; sourceTree = "<group>"; };
/* End PBXFileReference section */

/* Begin PBXFrameworksBuildPhase section */
		04C0506A2143FB040086ADFE /* Frameworks */ = {
			isa = PBXFrameworksBuildPhase;
			buildActionMask = 2147483647;
			files = (
			);
			runOnlyForDeploymentPostprocessing = 0;
		};
/* End PBXFrameworksBuildPhase section */

/* Begin PBXGroup section */
		04C050642143FB040086ADFE = {
			isa = PBXGroup;
			children = (
				04C0506F2143FB040086ADFE /* 500pxApp */,
				04C0506E2143FB040086ADFE /* Products */,
			);
			sourceTree = "<group>";
		};
		04C0506E2143FB040086ADFE /* Products */ = {
			isa = PBXGroup;
			children = (
				04C0506D2143FB040086ADFE /* 500pxApp.app */,
			);
			name = Products;
			sourceTree = "<group>";
		};
		04C0506F2143FB040086ADFE /* 500pxApp */ = {
			isa = PBXGroup;
			children = (
				04C050702143FB040086ADFE /* AppDelegate.swift */,
				04C050722143FB040086ADFE /* ViewController.swift */,
				041B985D214637D700D400EA /* CollectionViewCell.swift */,
				041B985F21464FCC00D400EA /* DetailViewController.swift */,
				041B98592146348C00D400EA /* GridLayout.swift */,
				041B985B214634A100D400EA /* ListLayout.swift */,
				04C050742143FB040086ADFE /* Main.storyboard */,
				04C0507A2143FB040086ADFE /* Assets.xcassets */,
				04C0507C2143FB040086ADFE /* LaunchScreen.storyboard */,
				04C0507F2143FB040086ADFE /* Info.plist */,
				04C050772143FB040086ADFE /* _00pxApp.xcdatamodeld */,
			);
			path = 500pxApp;
			sourceTree = "<group>";
		};
/* End PBXGroup section */

/* Begin PBXNativeTarget section */
		04C0506C2143FB040086ADFE /* 500pxApp */ = {
			isa = PBXNativeTarget;
			buildConfigurationList = 04C050822143FB040086ADFE /* Build configuration list for PBXNativeTarget "500pxApp" */;
			buildPhases = (
				04C050692143FB040086ADFE /* Sources */,
				04C0506A2143FB040086ADFE /* Frameworks */,
				04C0506B2143FB040086ADFE /* Resources */,
			);
			buildRules = (
			);
			dependencies = (
			);
			name = 500pxApp;
			productName = 500pxApp;
			productReference = 04C0506D2143FB040086ADFE /* 500pxApp.app */;
			productType = "com.apple.product-type.application";
		};
/* End PBXNativeTarget section */

/* Begin PBXProject section */
		04C050652143FB040086ADFE /* Project object */ = {
			isa = PBXProject;
			attributes = {
				LastSwiftUpdateCheck = 0920;
				LastUpgradeCheck = 0920;
				ORGANIZATIONNAME = brn.developers;
				TargetAttributes = {
					04C0506C2143FB040086ADFE = {
						CreatedOnToolsVersion = 9.2;
						ProvisioningStyle = Automatic;
					};
				};
			};
			buildConfigurationList = 04C050682143FB040086ADFE /* Build configuration list for PBXProject "500pxApp" */;
			compatibilityVersion = "Xcode 8.0";
			developmentRegion = en;
			hasScannedForEncodings = 0;
			knownRegions = (
				en,
				Base,
			);
			mainGroup = 04C050642143FB040086ADFE;
			productRefGroup = 04C0506E2143FB040086ADFE /* Products */;
			projectDirPath = "";
			projectRoot = "";
			targets = (
				04C0506C2143FB040086ADFE /* 500pxApp */,
			);
		};
/* End PBXProject section */

/* Begin PBXResourcesBuildPhase section */
		04C0506B2143FB040086ADFE /* Resources */ = {
			isa = PBXResourcesBuildPhase;
			buildActionMask = 2147483647;
			files = (
				04C0507E2143FB040086ADFE /* LaunchScreen.storyboard in Resources */,
				04C0507B2143FB040086ADFE /* Assets.xcassets in Resources */,
				04C050762143FB040086ADFE /* Main.storyboard in Resources */,
			);
			runOnlyForDeploymentPostprocessing = 0;
		};
/* End PBXResourcesBuildPhase section */

/* Begin PBXSourcesBuildPhase section */
		04C050692143FB040086ADFE /* Sources */ = {
			isa = PBXSourcesBuildPhase;
			buildActionMask = 2147483647;
			files = (
				04C050792143FB040086ADFE /* _00pxApp.xcdatamodeld in Sources */,
				04C050732143FB040086ADFE /* ViewController.swift in Sources */,
				041B985E214637D700D400EA /* CollectionViewCell.swift in Sources */,
				04C050712143FB040086ADFE /* AppDelegate.swift in Sources */,
				041B985C214634A100D400EA /* ListLayout.swift in Sources */,
				041B985A2146348C00D400EA /* GridLayout.swift in Sources */,
				041B986021464FCC00D400EA /* DetailViewController.swift in Sources */,
			);
			runOnlyForDeploymentPostprocessing = 0;
		};
/* End PBXSourcesBuildPhase section */

/* Begin PBXVariantGroup section */
		04C050742143FB040086ADFE /* Main.storyboard */ = {
			isa = PBXVariantGroup;
			children = (
				04C050752143FB040086ADFE /* Base */,
			);
			name = Main.storyboard;
			sourceTree = "<group>";
		};
		04C0507C2143FB040086ADFE /* LaunchScreen.storyboard */ = {
			isa = PBXVariantGroup;
			children = (
				04C0507D2143FB040086ADFE /* Base */,
			);
			name = LaunchScreen.storyboard;
			sourceTree = "<group>";
		};
/* End PBXVariantGroup section */

/* Begin XCBuildConfiguration section */
		04C050802143FB040086ADFE /* Debug */ = {
			isa = XCBuildConfiguration;
			buildSettings = {
				ALWAYS_SEARCH_USER_PATHS = NO;
				CLANG_ANALYZER_NONNULL = YES;
				CLANG_ANALYZER_NUMBER_OBJECT_CONVERSION = YES_AGGRESSIVE;
				CLANG_CXX_LANGUAGE_STANDARD = "gnu++14";
				CLANG_CXX_LIBRARY = "libc++";
				CLANG_ENABLE_MODULES = YES;
				CLANG_ENABLE_OBJC_ARC = YES;
				CLANG_WARN_BLOCK_CAPTURE_AUTORELEASING = YES;
				CLANG_WARN_BOOL_CONVERSION = YES;
				CLANG_WARN_COMMA = YES;
				CLANG_WARN_CONSTANT_CONVERSION = YES;
				CLANG_WARN_DIRECT_OBJC_ISA_USAGE = YES_ERROR;
				CLANG_WARN_DOCUMENTATION_COMMENTS = YES;
				CLANG_WARN_EMPTY_BODY = YES;
				CLANG_WARN_ENUM_CONVERSION = YES;
				CLANG_WARN_INFINITE_RECURSION = YES;
				CLANG_WARN_INT_CONVERSION = YES;
				CLANG_WARN_NON_LITERAL_NULL_CONVERSION = YES;
				CLANG_WARN_OBJC_LITERAL_CONVERSION = YES;
				CLANG_WARN_OBJC_ROOT_CLASS = YES_ERROR;
				CLANG_WARN_RANGE_LOOP_ANALYSIS = YES;
				CLANG_WARN_STRICT_PROTOTYPES = YES;
				CLANG_WARN_SUSPICIOUS_MOVE = YES;
				CLANG_WARN_UNGUARDED_AVAILABILITY = YES_AGGRESSIVE;
				CLANG_WARN_UNREACHABLE_CODE = YES;
				CLANG_WARN__DUPLICATE_METHOD_MATCH = YES;
				CODE_SIGN_IDENTITY = "iPhone Developer";
				COPY_PHASE_STRIP = NO;
				DEBUG_INFORMATION_FORMAT = dwarf;
				ENABLE_STRICT_OBJC_MSGSEND = YES;
				ENABLE_TESTABILITY = YES;
				GCC_C_LANGUAGE_STANDARD = gnu11;
				GCC_DYNAMIC_NO_PIC = NO;
				GCC_NO_COMMON_BLOCKS = YES;
				GCC_OPTIMIZATION_LEVEL = 0;
				GCC_PREPROCESSOR_DEFINITIONS = (
					"DEBUG=1",
					"$(inherited)",
				);
				GCC_WARN_64_TO_32_BIT_CONVERSION = YES;
				GCC_WARN_ABOUT_RETURN_TYPE = YES_ERROR;
				GCC_WARN_UNDECLARED_SELECTOR = YES;
				GCC_WARN_UNINITIALIZED_AUTOS = YES_AGGRESSIVE;
				GCC_WARN_UNUSED_FUNCTION = YES;
				GCC_WARN_UNUSED_VARIABLE = YES;
				IPHONEOS_DEPLOYMENT_TARGET = 11.2;
				MTL_ENABLE_DEBUG_INFO = YES;
				ONLY_ACTIVE_ARCH = YES;
				SDKROOT = iphoneos;
				SWIFT_ACTIVE_COMPILATION_CONDITIONS = DEBUG;
				SWIFT_OPTIMIZATION_LEVEL = "-Onone";
			};
			name = Debug;
		};
		04C050812143FB040086ADFE /* Release */ = {
			isa = XCBuildConfiguration;
			buildSettings = {
				ALWAYS_SEARCH_USER_PATHS = NO;
				CLANG_ANALYZER_NONNULL = YES;
				CLANG_ANALYZER_NUMBER_OBJECT_CONVERSION = YES_AGGRESSIVE;
				CLANG_CXX_LANGUAGE_STANDARD = "gnu++14";
				CLANG_CXX_LIBRARY = "libc++";
				CLANG_ENABLE_MODULES = YES;
				CLANG_ENABLE_OBJC_ARC = YES;
				CLANG_WARN_BLOCK_CAPTURE_AUTORELEASING = YES;
				CLANG_WARN_BOOL_CONVERSION = YES;
				CLANG_WARN_COMMA = YES;
				CLANG_WARN_CONSTANT_CONVERSION = YES;
				CLANG_WARN_DIRECT_OBJC_ISA_USAGE = YES_ERROR;
				CLANG_WARN_DOCUMENTATION_COMMENTS = YES;
				CLANG_WARN_EMPTY_BODY = YES;
				CLANG_WARN_ENUM_CONVERSION = YES;
				CLANG_WARN_INFINITE_RECURSION = YES;
				CLANG_WARN_INT_CONVERSION = YES;
				CLANG_WARN_NON_LITERAL_NULL_CONVERSION = YES;
				CLANG_WARN_OBJC_LITERAL_CONVERSION = YES;
				CLANG_WARN_OBJC_ROOT_CLASS = YES_ERROR;
				CLANG_WARN_RANGE_LOOP_ANALYSIS = YES;
				CLANG_WARN_STRICT_PROTOTYPES = YES;
				CLANG_WARN_SUSPICIOUS_MOVE = YES;
				CLANG_WARN_UNGUARDED_AVAILABILITY = YES_AGGRESSIVE;
				CLANG_WARN_UNREACHABLE_CODE = YES;
				CLANG_WARN__DUPLICATE_METHOD_MATCH = YES;
				CODE_SIGN_IDENTITY = "iPhone Developer";
				COPY_PHASE_STRIP = NO;
				DEBUG_INFORMATION_FORMAT = "dwarf-with-dsym";
				ENABLE_NS_ASSERTIONS = NO;
				ENABLE_STRICT_OBJC_MSGSEND = YES;
				GCC_C_LANGUAGE_STANDARD = gnu11;
				GCC_NO_COMMON_BLOCKS = YES;
				GCC_WARN_64_TO_32_BIT_CONVERSION = YES;
				GCC_WARN_ABOUT_RETURN_TYPE = YES_ERROR;
				GCC_WARN_UNDECLARED_SELECTOR = YES;
				GCC_WARN_UNINITIALIZED_AUTOS = YES_AGGRESSIVE;
				GCC_WARN_UNUSED_FUNCTION = YES;
				GCC_WARN_UNUSED_VARIABLE = YES;
				IPHONEOS_DEPLOYMENT_TARGET = 11.2;
				MTL_ENABLE_DEBUG_INFO = NO;
				SDKROOT = iphoneos;
				SWIFT_OPTIMIZATION_LEVEL = "-Owholemodule";
				VALIDATE_PRODUCT = YES;
			};
			name = Release;
		};
		04C050832143FB040086ADFE /* Debug */ = {
			isa = XCBuildConfiguration;
			buildSettings = {
				ASSETCATALOG_COMPILER_APPICON_NAME = AppIcon;
				CODE_SIGN_STYLE = Automatic;
				INFOPLIST_FILE = 500pxApp/Info.plist;
				LD_RUNPATH_SEARCH_PATHS = "$(inherited) @executable_path/Frameworks";
				PRODUCT_BUNDLE_IDENTIFIER = "-80209.-00pxApp";
				PRODUCT_NAME = "$(TARGET_NAME)";
				SWIFT_VERSION = 4.0;
				TARGETED_DEVICE_FAMILY = "1,2";
			};
			name = Debug;
		};
		04C050842143FB040086ADFE /* Release */ = {
			isa = XCBuildConfiguration;
			buildSettings = {
				ASSETCATALOG_COMPILER_APPICON_NAME = AppIcon;
				CODE_SIGN_STYLE = Automatic;
				INFOPLIST_FILE = 500pxApp/Info.plist;
				LD_RUNPATH_SEARCH_PATHS = "$(inherited) @executable_path/Frameworks";
				PRODUCT_BUNDLE_IDENTIFIER = "-80209.-00pxApp";
				PRODUCT_NAME = "$(TARGET_NAME)";
				SWIFT_VERSION = 4.0;
				TARGETED_DEVICE_FAMILY = "1,2";
			};
			name = Release;
		};
/* End XCBuildConfiguration section */

/* Begin XCConfigurationList section */
		04C050682143FB040086ADFE /* Build configuration list for PBXProject "500pxApp" */ = {
			isa = XCConfigurationList;
			buildConfigurations = (
				04C050802143FB040086ADFE /* Debug */,
				04C050812143FB040086ADFE /* Release */,
			);
			defaultConfigurationIsVisible = 0;
			defaultConfigurationName = Release;
		};
		04C050822143FB040086ADFE /* Build configuration list for PBXNativeTarget "500pxApp" */ = {
			isa = XCConfigurationList;
			buildConfigurations = (
				04C050832143FB040086ADFE /* Debug */,
				04C050842143FB040086ADFE /* Release */,
			);
			defaultConfigurationIsVisible = 0;
			defaultConfigurationName = Release;
		};
/* End XCConfigurationList section */

/* Begin XCVersionGroup section */
		04C050772143FB040086ADFE /* _00pxApp.xcdatamodeld */ = {
			isa = XCVersionGroup;
			children = (
				04C050782143FB040086ADFE /* _00pxApp.xcdatamodel */,
			);
			currentVersion = 04C050782143FB040086ADFE /* _00pxApp.xcdatamodel */;
			path = _00pxApp.xcdatamodeld;
			sourceTree = "<group>";
			versionGroupType = wrapper.xcdatamodel;
		};
/* End XCVersionGroup section */
	};
	rootObject = 04C050652143FB040086ADFE /* Project object */;
}
